
Microsoft Visual Studio Solution File, Format Version 12.00
# Visual Studio 14
VisualStudioVersion = 14.0.25123.0
MinimumVisualStudioVersion = 10.0.40219.1
Project("{2150E333-8FDC-42A3-9474-1A3956D46DE8}") = "src", "src", "{E1F7429F-5C74-49ED-A69A-D97381A1FAC5}"
EndProject
Project("{2150E333-8FDC-42A3-9474-1A3956D46DE8}") = "Solution Items", "Solution Items", "{9714A525-7503-4033-8E6C-36E37B972F8A}"
	ProjectSection(SolutionItems) = preProject
		global.json = global.json
	EndProjectSection
EndProject
Project("{8BB2217D-0F2D-49D1-97BC-3654ED321F3B}") = "SwiftCourier.Web", "src\SwiftCourier.Web\SwiftCourier.Web.xproj", "{407EF3D4-8411-421F-9742-624BDE060FEE}"
EndProject
Global
	GlobalSection(SolutionConfigurationPlatforms) = preSolution
		Debug|Any CPU = Debug|Any CPU
		Release|Any CPU = Release|Any CPU
	EndGlobalSection
	GlobalSection(ProjectConfigurationPlatforms) = postSolution
		{407EF3D4-8411-421F-9742-624BDE060FEE}.Debug|Any CPU.ActiveCfg = Debug|Any CPU
		{407EF3D4-8411-421F-9742-624BDE060FEE}.Debug|Any CPU.Build.0 = Debug|Any CPU
		{407EF3D4-8411-421F-9742-624BDE060FEE}.Release|Any CPU.ActiveCfg = Release|Any CPU
		{407EF3D4-8411-421F-9742-624BDE060FEE}.Release|Any CPU.Build.0 = Release|Any CPU
	EndGlobalSection
	GlobalSection(SolutionProperties) = preSolution
		HideSolutionNode = FALSE
	EndGlobalSection
	GlobalSection(NestedProjects) = preSolution
		{407EF3D4-8411-421F-9742-624BDE060FEE} = {E1F7429F-5C74-49ED-A69A-D97381A1FAC5}
	EndGlobalSection
EndGlobal
