
Microsoft Visual Studio Solution File, Format Version 12.00
# Visual Studio 14
VisualStudioVersion = 14.0.25420.1
MinimumVisualStudioVersion = 10.0.40219.1
Project("{2150E333-8FDC-42A3-9474-1A3956D46DE8}") = "src", "src", "{486E7150-E6EC-4070-8DE3-49E719CCFFC0}"
EndProject
Project("{2150E333-8FDC-42A3-9474-1A3956D46DE8}") = "Solution Items", "Solution Items", "{068FCC92-6079-41E9-8832-DC0A6A578C98}"
	ProjectSection(SolutionItems) = preProject
		global.json = global.json
	EndProjectSection
EndProject
Project("{8BB2217D-0F2D-49D1-97BC-3654ED321F3B}") = "SwiftCourier", "src\SwiftCourier\SwiftCourier.xproj", "{BC4DDC85-BA91-4630-99C1-924DFA065290}"
EndProject
Global
	GlobalSection(SolutionConfigurationPlatforms) = preSolution
		Debug|Any CPU = Debug|Any CPU
		Release|Any CPU = Release|Any CPU
	EndGlobalSection
	GlobalSection(ProjectConfigurationPlatforms) = postSolution
		{BC4DDC85-BA91-4630-99C1-924DFA065290}.Debug|Any CPU.ActiveCfg = Debug|Any CPU
		{BC4DDC85-BA91-4630-99C1-924DFA065290}.Debug|Any CPU.Build.0 = Debug|Any CPU
		{BC4DDC85-BA91-4630-99C1-924DFA065290}.Release|Any CPU.ActiveCfg = Release|Any CPU
		{BC4DDC85-BA91-4630-99C1-924DFA065290}.Release|Any CPU.Build.0 = Release|Any CPU
	EndGlobalSection
	GlobalSection(SolutionProperties) = preSolution
		HideSolutionNode = FALSE
	EndGlobalSection
	GlobalSection(NestedProjects) = preSolution
		{BC4DDC85-BA91-4630-99C1-924DFA065290} = {486E7150-E6EC-4070-8DE3-49E719CCFFC0}
	EndGlobalSection
EndGlobal
